
Microsoft Visual Studio Solution File, Format Version 12.00
# Visual Studio 15
VisualStudioVersion = 15.0.28010.2046
MinimumVisualStudioVersion = 10.0.40219.1
Project("{FAE04EC0-301F-11D3-BF4B-00C04F79EFBC}") = "WindowsFormsApp1", "WindowsFormsApp1\WindowsFormsApp1.csproj", "{F7A1D5F5-E2E9-4623-904E-A5A49AF3E1C7}"
EndProject
Global
	GlobalSection(SolutionConfigurationPlatforms) = preSolution
		Debug|Any CPU = Debug|Any CPU
		Release|Any CPU = Release|Any CPU
	EndGlobalSection
	GlobalSection(ProjectConfigurationPlatforms) = postSolution
		{F7A1D5F5-E2E9-4623-904E-A5A49AF3E1C7}.Debug|Any CPU.ActiveCfg = Debug|Any CPU
		{F7A1D5F5-E2E9-4623-904E-A5A49AF3E1C7}.Debug|Any CPU.Build.0 = Debug|Any CPU
		{F7A1D5F5-E2E9-4623-904E-A5A49AF3E1C7}.Release|Any CPU.ActiveCfg = Release|Any CPU
		{F7A1D5F5-E2E9-4623-904E-A5A49AF3E1C7}.Release|Any CPU.Build.0 = Release|Any CPU
	EndGlobalSection
	GlobalSection(SolutionProperties) = preSolution
		HideSolutionNode = FALSE
	EndGlobalSection
	GlobalSection(ExtensibilityGlobals) = postSolution
		SolutionGuid = {D8332B26-1DA9-4A44-A080-CB3343CD8A15}
	EndGlobalSection
EndGlobal
